
Microsoft Visual Studio Solution File, Format Version 12.00
# Visual Studio Version 17
VisualStudioVersion = 17.4.33122.133
MinimumVisualStudioVersion = 10.0.40219.1
Project("{FAE04EC0-301F-11D3-BF4B-00C04F79EFBC}") = "Robit", "Robit\Robit.csproj", "{CE0C162D-8F51-4729-A3B4-5DA28C902D7B}"
EndProject
Global
	GlobalSection(SolutionConfigurationPlatforms) = preSolution
		Debug|Any CPU = Debug|Any CPU
		Release|Any CPU = Release|Any CPU
	EndGlobalSection
	GlobalSection(ProjectConfigurationPlatforms) = postSolution
		{CE0C162D-8F51-4729-A3B4-5DA28C902D7B}.Debug|Any CPU.ActiveCfg = Debug|Any CPU
		{CE0C162D-8F51-4729-A3B4-5DA28C902D7B}.Debug|Any CPU.Build.0 = Debug|Any CPU
		{CE0C162D-8F51-4729-A3B4-5DA28C902D7B}.Release|Any CPU.ActiveCfg = Release|Any CPU
		{CE0C162D-8F51-4729-A3B4-5DA28C902D7B}.Release|Any CPU.Build.0 = Release|Any CPU
	EndGlobalSection
	GlobalSection(SolutionProperties) = preSolution
		HideSolutionNode = FALSE
	EndGlobalSection
	GlobalSection(ExtensibilityGlobals) = postSolution
		SolutionGuid = {03E36ACB-1C92-4DAB-BCB2-F6317D5A3794}
	EndGlobalSection
EndGlobal
